<?xml version="1.0" encoding="utf-8"?>
<Project ToolsVersion="4.0" xmlns="http://schemas.microsoft.com/developer/msbuild/2003">
  <ItemGroup>
    <ClInclude Include="src\glDemo.h" />
    <ClInclude Include="src\AppWindow.h" />
    <ClInclude Include="src\objects\object.h">
      <Filter>objects</Filter>
    </ClInclude>
    <ClInclude Include="src\objects\stage.h">
      <Filter>objects</Filter>
    </ClInclude>
    <ClInclude Include="src\utils\log.h">
      <Filter>utils</Filter>
    </ClInclude>
    <ClInclude Include="src\objects\camera.h">
      <Filter>objects</Filter>
    </ClInclude>
    <ClInclude Include="src\utils\time.h">
      <Filter>utils</Filter>
    </ClInclude>
    <ClInclude Include="src\objects\myobject\TestStage.h">
      <Filter>objects\myobject</Filter>
    </ClInclude>
    <ClInclude Include="src\objects\myobject\TestObject.h">
      <Filter>objects\myobject</Filter>
    </ClInclude>
    <ClInclude Include="src\objects\shader.h">
      <Filter>objects</Filter>
    </ClInclude>
    <ClInclude Include="src\objects\texture.h">
      <Filter>objects</Filter>
    </ClInclude>
    <ClInclude Include="lib\stb_image.h">
      <Filter>lib</Filter>
    </ClInclude>
  </ItemGroup>
  <ItemGroup>
    <ClCompile Include="src\glDemo.cpp" />
    <ClCompile Include="src\AppWindow.cpp" />
    <ClCompile Include="lib\glad.c">
      <Filter>lib</Filter>
    </ClCompile>
    <ClCompile Include="src\objects\object.cpp">
      <Filter>objects</Filter>
    </ClCompile>
    <ClCompile Include="src\main.cpp" />
    <ClCompile Include="src\utils\log.cpp">
      <Filter>utils</Filter>
    </ClCompile>
    <ClCompile Include="src\utils\time.cpp">
      <Filter>utils</Filter>
    </ClCompile>
    <ClCompile Include="src\objects\myobject\Test.cpp">
      <Filter>objects\myobject</Filter>
    </ClCompile>
    <ClCompile Include="src\objects\stage.cpp">
      <Filter>objects</Filter>
    </ClCompile>
    <ClCompile Include="src\objects\camera.cpp">
      <Filter>objects</Filter>
    </ClCompile>
    <ClCompile Include="src\objects\shader.cpp">
      <Filter>objects</Filter>
    </ClCompile>
    <ClCompile Include="src\objects\texture.cpp">
      <Filter>objects</Filter>
    </ClCompile>
  </ItemGroup>
  <ItemGroup>
    <Filter Include="lib">
      <UniqueIdentifier>{b480388d-a15a-4ca1-bf54-b0ff4154f22e}</UniqueIdentifier>
    </Filter>
    <Filter Include="utils">
      <UniqueIdentifier>{da25b20c-cf60-4711-bb4e-20516e9f4dd2}</UniqueIdentifier>
    </Filter>
    <Filter Include="objects">
      <UniqueIdentifier>{b10b414a-c2a1-4d22-a8ec-1d19209cfc68}</UniqueIdentifier>
    </Filter>
    <Filter Include="objects\myobject">
      <UniqueIdentifier>{9114a828-9f62-478f-a742-d1add7966598}</UniqueIdentifier>
    </Filter>
    <Filter Include="shaders">
      <UniqueIdentifier>{174782c5-a37a-4fe6-926b-ac7406ac7e2c}</UniqueIdentifier>
    </Filter>
  </ItemGroup>
  <ItemGroup>
    <None Include="shaders\triangle.vert">
      <Filter>shaders</Filter>
    </None>
    <None Include="shaders\triangle.frag">
      <Filter>shaders</Filter>
    </None>
  </ItemGroup>
</Project>