<?xml version="1.0" encoding="utf-8"?>
<Project ToolsVersion="4.0" xmlns="http://schemas.microsoft.com/developer/msbuild/2003">
  <ItemGroup>
    <ClInclude Include="src\glDemo.h" />
    <ClInclude Include="src\AppWindow.h" />
    <ClInclude Include="src\utils\log.h">
      <Filter>utils</Filter>
    </ClInclude>
    <ClInclude Include="src\utils\time.h">
      <Filter>utils</Filter>
    </ClInclude>
    <ClInclude Include="lib\stb_image.h">
      <Filter>lib</Filter>
    </ClInclude>
    <ClInclude Include="src\stage\camera.h">
      <Filter>stage</Filter>
    </ClInclude>
    <ClInclude Include="src\stage\stage.h">
      <Filter>stage</Filter>
    </ClInclude>
    <ClInclude Include="src\object\light.h">
      <Filter>object</Filter>
    </ClInclude>
    <ClInclude Include="src\object\object.h">
      <Filter>object</Filter>
    </ClInclude>
    <ClInclude Include="src\object\properties\texture.h">
      <Filter>object\properties</Filter>
    </ClInclude>
    <ClInclude Include="src\object\properties\material.h">
      <Filter>object\properties</Filter>
    </ClInclude>
    <ClInclude Include="src\myobject\TestLight.h">
      <Filter>myobject</Filter>
    </ClInclude>
    <ClInclude Include="src\myobject\TestObject.h">
      <Filter>myobject</Filter>
    </ClInclude>
    <ClInclude Include="src\myobject\TestStage.h">
      <Filter>myobject</Filter>
    </ClInclude>
    <ClInclude Include="src\utils\ExData.h">
      <Filter>utils</Filter>
    </ClInclude>
    <ClInclude Include="src\object\manager\LightManager.h">
      <Filter>object\manager</Filter>
    </ClInclude>
    <ClInclude Include="src\object\manager\ShaderManager.h">
      <Filter>object\manager</Filter>
    </ClInclude>
    <ClInclude Include="src\object\properties\shader.h">
      <Filter>object\properties</Filter>
    </ClInclude>
  </ItemGroup>
  <ItemGroup>
    <ClCompile Include="src\glDemo.cpp" />
    <ClCompile Include="src\AppWindow.cpp" />
    <ClCompile Include="lib\glad.c">
      <Filter>lib</Filter>
    </ClCompile>
    <ClCompile Include="src\main.cpp" />
    <ClCompile Include="src\utils\log.cpp">
      <Filter>utils</Filter>
    </ClCompile>
    <ClCompile Include="src\utils\time.cpp">
      <Filter>utils</Filter>
    </ClCompile>
    <ClCompile Include="src\stage\camera.cpp">
      <Filter>stage</Filter>
    </ClCompile>
    <ClCompile Include="src\stage\stage.cpp">
      <Filter>stage</Filter>
    </ClCompile>
    <ClCompile Include="src\object\canvas.cpp">
      <Filter>object</Filter>
    </ClCompile>
    <ClCompile Include="src\object\drawobject.cpp">
      <Filter>object</Filter>
    </ClCompile>
    <ClCompile Include="src\object\light.cpp">
      <Filter>object</Filter>
    </ClCompile>
    <ClCompile Include="src\object\properties\texture.cpp">
      <Filter>object\properties</Filter>
    </ClCompile>
    <ClCompile Include="src\myobject\Test.cpp">
      <Filter>myobject</Filter>
    </ClCompile>
    <ClCompile Include="src\object\properties\material.cpp">
      <Filter>object\properties</Filter>
    </ClCompile>
    <ClCompile Include="src\utils\ExData.cpp">
      <Filter>utils</Filter>
    </ClCompile>
    <ClCompile Include="src\object\manager\LightManager.cpp">
      <Filter>object\manager</Filter>
    </ClCompile>
    <ClCompile Include="src\object\manager\ShaderManager.cpp">
      <Filter>object\manager</Filter>
    </ClCompile>
    <ClCompile Include="src\object\properties\shader.cpp">
      <Filter>object\properties</Filter>
    </ClCompile>
  </ItemGroup>
  <ItemGroup>
    <Filter Include="lib">
      <UniqueIdentifier>{b480388d-a15a-4ca1-bf54-b0ff4154f22e}</UniqueIdentifier>
    </Filter>
    <Filter Include="utils">
      <UniqueIdentifier>{da25b20c-cf60-4711-bb4e-20516e9f4dd2}</UniqueIdentifier>
    </Filter>
    <Filter Include="object">
      <UniqueIdentifier>{b10b414a-c2a1-4d22-a8ec-1d19209cfc68}</UniqueIdentifier>
    </Filter>
    <Filter Include="object\properties">
      <UniqueIdentifier>{0034181a-6f21-4f1f-99e6-6bd1ed6d6615}</UniqueIdentifier>
    </Filter>
    <Filter Include="myobject">
      <UniqueIdentifier>{3e216b9f-3501-4731-9e35-6e37fbe8cc5b}</UniqueIdentifier>
    </Filter>
    <Filter Include="res">
      <UniqueIdentifier>{14f29e2b-8d62-4a2b-a8c4-8486ab1821f2}</UniqueIdentifier>
    </Filter>
    <Filter Include="res\shaders">
      <UniqueIdentifier>{36058cc8-75f0-4811-863d-5c267c81f984}</UniqueIdentifier>
    </Filter>
    <Filter Include="stage">
      <UniqueIdentifier>{3b535e14-a436-4c71-96c7-2e202b5d8642}</UniqueIdentifier>
    </Filter>
    <Filter Include="object\manager">
      <UniqueIdentifier>{5c5d98af-d906-49dd-844b-2ee69cb855d5}</UniqueIdentifier>
    </Filter>
  </ItemGroup>
  <ItemGroup>
    <None Include="res\shaders\lightcube.frag">
      <Filter>res\shaders</Filter>
    </None>
    <None Include="res\shaders\triangle.vert">
      <Filter>res\shaders</Filter>
    </None>
    <None Include="res\shaders\defaultObject.frag">
      <Filter>res\shaders</Filter>
    </None>
    <None Include="res\shaders\defaultObject.vert">
      <Filter>res\shaders</Filter>
    </None>
  </ItemGroup>
</Project>